{
  "version": 4,
  "terraform_version": "1.13.3",
  "serial": 13,
  "lineage": "2833ba34-d2b6-774c-6746-a6d9b857c917",
  "outputs": {
    "alb-lb-tg-arn": {
      "value": "arn:aws:elasticloadbalancing:us-west-1:814193706784:targetgroup/djh-tg/aff89d47e7af495a",
      "type": "string"
    },
    "alb-lb-tg-id": {
      "value": "arn:aws:elasticloadbalancing:us-west-1:814193706784:targetgroup/djh-tg/aff89d47e7af495a",
      "type": "string"
    },
    "subnetid-1a": {
      "value": [
        [
          "subnet-04ae9fd7f9452ca63"
        ]
      ],
      "type": [
        "tuple",
        [
          [
            "list",
            "string"
          ]
        ]
      ]
    },
    "url": {
      "value": "djh-elb-1122078865.us-west-1.elb.amazonaws.com",
      "type": "string"
    },
    "vpcs": {
      "value": "vpc-097971344b6b87301",
      "type": "string"
    }
  },
  "resources": [
    {
      "mode": "data",
      "type": "aws_availability_zones",
      "name": "available",
      "provider": "provider[\"registry.terraform.io/hashicorp/aws\"]",
      "instances": [
        {
          "schema_version": 0,
          "attributes": {
            "all_availability_zones": null,
            "exclude_names": null,
            "exclude_zone_ids": null,
            "filter": null,
            "group_names": [
              "us-west-1-zg-1"
            ],
            "id": "us-west-1",
            "names": [
              "us-west-1a",
              "us-west-1c"
            ],
            "state": "available",
            "timeouts": null,
            "zone_ids": [
              "usw1-az1",
              "usw1-az3"
            ]
          },
          "sensitive_attributes": [],
          "identity_schema_version": 0
        }
      ]
    },
    {
      "mode": "data",
      "type": "aws_availability_zones",
      "name": "primary",
      "provider": "provider[\"registry.terraform.io/hashicorp/aws\"]",
      "instances": [
        {
          "schema_version": 0,
          "attributes": {
            "all_availability_zones": null,
            "exclude_names": null,
            "exclude_zone_ids": null,
            "filter": [
              {
                "name": "zone-name",
                "values": [
                  "us-west-1a"
                ]
              }
            ],
            "group_names": [
              "us-west-1-zg-1"
            ],
            "id": "us-west-1",
            "names": [
              "us-west-1a"
            ],
            "state": null,
            "timeouts": null,
            "zone_ids": [
              "usw1-az1"
            ]
          },
          "sensitive_attributes": [],
          "identity_schema_version": 0
        }
      ]
    },
    {
      "mode": "data",
      "type": "aws_availability_zones",
      "name": "secondary",
      "provider": "provider[\"registry.terraform.io/hashicorp/aws\"]",
      "instances": [
        {
          "schema_version": 0,
          "attributes": {
            "all_availability_zones": null,
            "exclude_names": null,
            "exclude_zone_ids": null,
            "filter": [
              {
                "name": "zone-name",
                "values": [
                  "us-west-1b"
                ]
              }
            ],
            "group_names": [],
            "id": "us-west-1",
            "names": [],
            "state": null,
            "timeouts": null,
            "zone_ids": []
          },
          "sensitive_attributes": [],
          "identity_schema_version": 0
        }
      ]
    },
    {
      "mode": "data",
      "type": "aws_availability_zones",
      "name": "tertiary",
      "provider": "provider[\"registry.terraform.io/hashicorp/aws\"]",
      "instances": [
        {
          "schema_version": 0,
          "attributes": {
            "all_availability_zones": null,
            "exclude_names": null,
            "exclude_zone_ids": null,
            "filter": [
              {
                "name": "zone-name",
                "values": [
                  "us-west-1c"
                ]
              }
            ],
            "group_names": [
              "us-west-1-zg-1"
            ],
            "id": "us-west-1",
            "names": [
              "us-west-1c"
            ],
            "state": null,
            "timeouts": null,
            "zone_ids": [
              "usw1-az3"
            ]
          },
          "sensitive_attributes": [],
          "identity_schema_version": 0
        }
      ]
    },
    {
      "mode": "data",
      "type": "aws_subnets",
      "name": "subneta",
      "provider": "provider[\"registry.terraform.io/hashicorp/aws\"]",
      "instances": [
        {
          "schema_version": 0,
          "attributes": {
            "filter": [
              {
                "name": "availabilityZone",
                "values": [
                  "us-west-1a"
                ]
              }
            ],
            "id": "us-west-1",
            "ids": [
              "subnet-04ae9fd7f9452ca63"
            ],
            "tags": null,
            "timeouts": null
          },
          "sensitive_attributes": [],
          "identity_schema_version": 0
        }
      ]
    },
    {
      "mode": "data",
      "type": "aws_subnets",
      "name": "subnetb",
      "provider": "provider[\"registry.terraform.io/hashicorp/aws\"]",
      "instances": [
        {
          "schema_version": 0,
          "attributes": {
            "filter": [
              {
                "name": "availabilityZone",
                "values": [
                  "us-west-1b"
                ]
              }
            ],
            "id": "us-west-1",
            "ids": [],
            "tags": null,
            "timeouts": null
          },
          "sensitive_attributes": [],
          "identity_schema_version": 0
        }
      ]
    },
    {
      "mode": "data",
      "type": "aws_subnets",
      "name": "subnetc",
      "provider": "provider[\"registry.terraform.io/hashicorp/aws\"]",
      "instances": [
        {
          "schema_version": 0,
          "attributes": {
            "filter": [
              {
                "name": "availabilityZone",
                "values": [
                  "us-west-1c"
                ]
              }
            ],
            "id": "us-west-1",
            "ids": [
              "subnet-0028b21cd614ded4f"
            ],
            "tags": null,
            "timeouts": null
          },
          "sensitive_attributes": [],
          "identity_schema_version": 0
        }
      ]
    },
    {
      "mode": "data",
      "type": "aws_vpc",
      "name": "main",
      "provider": "provider[\"registry.terraform.io/hashicorp/aws\"]",
      "instances": [
        {
          "schema_version": 0,
          "attributes": {
            "arn": "arn:aws:ec2:us-west-1:814193706784:vpc/vpc-097971344b6b87301",
            "cidr_block": "172.31.0.0/16",
            "cidr_block_associations": [
              {
                "association_id": "vpc-cidr-assoc-0d1d46d1bc0d0c7f6",
                "cidr_block": "172.31.0.0/16",
                "state": "associated"
              }
            ],
            "default": true,
            "dhcp_options_id": "dopt-07d54f18112c9dbff",
            "enable_dns_hostnames": true,
            "enable_dns_support": true,
            "enable_network_address_usage_metrics": false,
            "filter": null,
            "id": "vpc-097971344b6b87301",
            "instance_tenancy": "default",
            "ipv6_association_id": "",
            "ipv6_cidr_block": "",
            "main_route_table_id": "rtb-0b4bee8d60b24a885",
            "owner_id": "814193706784",
            "state": null,
            "tags": {},
            "timeouts": null
          },
          "sensitive_attributes": [],
          "identity_schema_version": 0
        }
      ]
    },
    {
      "mode": "managed",
      "type": "aws_autoscaling_attachment",
      "name": "example",
      "provider": "provider[\"registry.terraform.io/hashicorp/aws\"]",
      "instances": [
        {
          "schema_version": 0,
          "attributes": {
            "autoscaling_group_name": "djh-asg",
            "elb": null,
            "id": "djh-asg-20250930021254159100000001",
            "lb_target_group_arn": "arn:aws:elasticloadbalancing:us-west-1:814193706784:targetgroup/djh-tg/aff89d47e7af495a"
          },
          "sensitive_attributes": [],
          "identity_schema_version": 0,
          "private": "bnVsbA==",
          "dependencies": [
            "aws_autoscaling_group.bar",
            "aws_launch_template.mp1-lt",
            "aws_lb.lb",
            "aws_lb_target_group.alb-lb-tg",
            "data.aws_availability_zones.primary",
            "data.aws_subnets.subneta",
            "data.aws_subnets.subnetc",
            "data.aws_vpc.main"
          ]
        }
      ]
    },
    {
      "mode": "managed",
      "type": "aws_autoscaling_group",
      "name": "bar",
      "provider": "provider[\"registry.terraform.io/hashicorp/aws\"]",
      "instances": [
        {
          "schema_version": 1,
          "attributes": {
            "arn": "arn:aws:autoscaling:us-west-1:814193706784:autoScalingGroup:61f63fa9-f58f-42a0-8a02-bcdbafc8de2f:autoScalingGroupName/djh-asg",
            "availability_zones": [
              "us-west-1a",
              "us-west-1c"
            ],
            "capacity_rebalance": false,
            "context": "",
            "default_cooldown": 300,
            "default_instance_warmup": 0,
            "desired_capacity": 3,
            "desired_capacity_type": "",
            "enabled_metrics": [],
            "force_delete": false,
            "force_delete_warm_pool": false,
            "health_check_grace_period": 300,
            "health_check_type": "EC2",
            "id": "djh-asg",
            "ignore_failed_scaling_activities": false,
            "initial_lifecycle_hook": [],
            "instance_maintenance_policy": [],
            "instance_refresh": [],
            "launch_configuration": "",
            "launch_template": [
              {
                "id": "lt-07c512410d2a9edc4",
                "name": "terraform-20250930015804275400000001",
                "version": "$Latest"
              }
            ],
            "load_balancers": [],
            "max_instance_lifetime": 0,
            "max_size": 5,
            "metrics_granularity": "1Minute",
            "min_elb_capacity": null,
            "min_size": 2,
            "mixed_instances_policy": [],
            "name": "djh-asg",
            "name_prefix": "",
            "placement_group": "",
            "predicted_capacity": 0,
            "protect_from_scale_in": false,
            "service_linked_role_arn": "arn:aws:iam::814193706784:role/aws-service-role/autoscaling.amazonaws.com/AWSServiceRoleForAutoScaling",
            "suspended_processes": [],
            "tag": [
              {
                "key": "assessment",
                "propagate_at_launch": true,
                "value": "module7-tag"
              }
            ],
            "target_group_arns": [
              "arn:aws:elasticloadbalancing:us-west-1:814193706784:targetgroup/djh-tg/aff89d47e7af495a"
            ],
            "termination_policies": [],
            "timeouts": null,
            "traffic_source": [
              {
                "identifier": "arn:aws:elasticloadbalancing:us-west-1:814193706784:targetgroup/djh-tg/aff89d47e7af495a",
                "type": "elbv2"
              }
            ],
            "vpc_zone_identifier": [
              "subnet-0028b21cd614ded4f",
              "subnet-04ae9fd7f9452ca63"
            ],
            "wait_for_capacity_timeout": "10m",
            "wait_for_elb_capacity": null,
            "warm_pool": [],
            "warm_pool_size": 0
          },
          "sensitive_attributes": [],
          "identity_schema_version": 0,
          "private": "eyJlMmJmYjczMC1lY2FhLTExZTYtOGY4OC0zNDM2M2JjN2M0YzAiOnsiZGVsZXRlIjo2MDAwMDAwMDAwMDAsInVwZGF0ZSI6NjAwMDAwMDAwMDAwfSwic2NoZW1hX3ZlcnNpb24iOiIxIn0=",
          "dependencies": [
            "aws_launch_template.mp1-lt",
            "aws_lb.lb",
            "aws_lb_target_group.alb-lb-tg",
            "data.aws_availability_zones.primary",
            "data.aws_subnets.subneta",
            "data.aws_subnets.subnetc",
            "data.aws_vpc.main"
          ]
        }
      ]
    },
    {
      "mode": "managed",
      "type": "aws_launch_template",
      "name": "mp1-lt",
      "provider": "provider[\"registry.terraform.io/hashicorp/aws\"]",
      "instances": [
        {
          "schema_version": 0,
          "attributes": {
            "arn": "arn:aws:ec2:us-west-1:814193706784:launch-template/lt-07c512410d2a9edc4",
            "block_device_mappings": [
              {
                "device_name": "/dev/sda1",
                "ebs": [
                  {
                    "delete_on_termination": "",
                    "encrypted": "",
                    "iops": 0,
                    "kms_key_id": "",
                    "snapshot_id": "",
                    "throughput": 0,
                    "volume_size": 20,
                    "volume_type": ""
                  }
                ],
                "no_device": "",
                "virtual_name": ""
              },
              {
                "device_name": "/dev/sda2",
                "ebs": [
                  {
                    "delete_on_termination": "",
                    "encrypted": "",
                    "iops": 0,
                    "kms_key_id": "",
                    "snapshot_id": "",
                    "throughput": 0,
                    "volume_size": 20,
                    "volume_type": ""
                  }
                ],
                "no_device": "",
                "virtual_name": ""
              }
            ],
            "capacity_reservation_specification": [],
            "cpu_options": [],
            "credit_specification": [],
            "default_version": 1,
            "description": "",
            "disable_api_stop": false,
            "disable_api_termination": false,
            "ebs_optimized": "",
            "elastic_gpu_specifications": [],
            "elastic_inference_accelerator": [],
            "enclave_options": [],
            "hibernation_options": [],
            "iam_instance_profile": [],
            "id": "lt-07c512410d2a9edc4",
            "image_id": "ami-00271c85bf8a52b84",
            "instance_initiated_shutdown_behavior": "terminate",
            "instance_market_options": [],
            "instance_requirements": [],
            "instance_type": "t2.micro",
            "kernel_id": "",
            "key_name": "coursera-key",
            "latest_version": 2,
            "license_specification": [],
            "maintenance_options": [],
            "metadata_options": [],
            "monitoring": [
              {
                "enabled": false
              }
            ],
            "name": "terraform-20250930015804275400000001",
            "name_prefix": "terraform-",
            "network_interfaces": [
              {
                "associate_carrier_ip_address": "",
                "associate_public_ip_address": "",
                "delete_on_termination": "",
                "description": "",
                "device_index": 0,
                "interface_type": "",
                "ipv4_address_count": 0,
                "ipv4_addresses": [],
                "ipv4_prefix_count": 0,
                "ipv4_prefixes": [],
                "ipv6_address_count": 0,
                "ipv6_addresses": [],
                "ipv6_prefix_count": 0,
                "ipv6_prefixes": [],
                "network_card_index": 0,
                "network_interface_id": "",
                "private_ip_address": "",
                "security_groups": [
                  "sg-0b756d848924fa0d1"
                ],
                "subnet_id": "subnet-04ae9fd7f9452ca63"
              }
            ],
            "placement": [
              {
                "affinity": "",
                "availability_zone": "us-west-1",
                "group_name": "",
                "host_id": "",
                "host_resource_group_arn": "",
                "partition_number": 0,
                "spread_domain": "",
                "tenancy": ""
              }
            ],
            "private_dns_name_options": [],
            "ram_disk_id": "",
            "security_group_names": [],
            "tag_specifications": [
              {
                "resource_type": "instance",
                "tags": {
                  "Name": "module7-tag"
                }
              }
            ],
            "tags": {},
            "tags_all": {},
            "update_default_version": null,
            "user_data": "IyEvYmluL2Jhc2gKCiMgSW5zdGFsbCBkZXBlbmRlY2llcyBoZXJlOgoKIyMjIyMjIyMjIyMjIyMjIyMjIyMjIyMjIyMjIyMjIyMjIyMjIyMjIyMjIyMjIyMjIyMjIyMjIyMjIyMjIyMjIyMjIyMjIyMjIyMjIyMjCiMgSW5zdGFsbGluZyBOZ2lueAojIyMjIyMjIyMjIyMjIyMjIyMjIyMjIyMjIyMjIyMjIyMjIyMjIyMjIyMjIyMjIyMjIyMjIyMjIyMjIyMjIyMjIyMjIyMjIyMjIyMjIyMKc3VkbyBhcHQgdXBkYXRlIC15CnN1ZG8gYXB0IGluc3RhbGwgbmdpbnggLXkKCiMjIyMjIyMjIyMjIyMjIyMjIyMjIyMjIyMjIyMjIyMjIyMjIyMjIyMjIyMjIyMjIyMjIyMjIyMjIyMjIyMjIyMjIyMjIyMjIyMjIyMjIwojIEVuYWJsZSBhbmQgc3RhcnQgTmdpbnggc2VydmljZQojIyMjIyMjIyMjIyMjIyMjIyMjIyMjIyMjIyMjIyMjIyMjIyMjIyMjIyMjIyMjIyMjIyMjIyMjIyMjIyMjIyMjIyMjIyMjIyMjIyMjIyMKc3VkbyBzeXN0ZW1jdGwgZW5hYmxlIG5naW54CnN1ZG8gc3lzdGVtY3RsIHN0YXJ0IG5naW54Cg==",
            "vpc_security_group_ids": []
          },
          "sensitive_attributes": [],
          "identity_schema_version": 0,
          "private": "bnVsbA==",
          "dependencies": [
            "data.aws_availability_zones.primary",
            "data.aws_subnets.subneta"
          ]
        }
      ]
    },
    {
      "mode": "managed",
      "type": "aws_lb",
      "name": "lb",
      "provider": "provider[\"registry.terraform.io/hashicorp/aws\"]",
      "instances": [
        {
          "schema_version": 0,
          "attributes": {
            "access_logs": [
              {
                "bucket": "",
                "enabled": false,
                "prefix": ""
              }
            ],
            "arn": "arn:aws:elasticloadbalancing:us-west-1:814193706784:loadbalancer/app/djh-elb/23156d84fcfc0454",
            "arn_suffix": "app/djh-elb/23156d84fcfc0454",
            "connection_logs": [
              {
                "bucket": "",
                "enabled": false,
                "prefix": ""
              }
            ],
            "customer_owned_ipv4_pool": "",
            "desync_mitigation_mode": "defensive",
            "dns_name": "djh-elb-1122078865.us-west-1.elb.amazonaws.com",
            "dns_record_client_routing_policy": null,
            "drop_invalid_header_fields": false,
            "enable_cross_zone_load_balancing": true,
            "enable_deletion_protection": false,
            "enable_http2": true,
            "enable_tls_version_and_cipher_suite_headers": false,
            "enable_waf_fail_open": false,
            "enable_xff_client_port": false,
            "enforce_security_group_inbound_rules_on_private_link_traffic": "",
            "id": "arn:aws:elasticloadbalancing:us-west-1:814193706784:loadbalancer/app/djh-elb/23156d84fcfc0454",
            "idle_timeout": 60,
            "internal": false,
            "ip_address_type": "ipv4",
            "load_balancer_type": "application",
            "name": "djh-elb",
            "name_prefix": "",
            "preserve_host_header": false,
            "security_groups": [
              "sg-0b756d848924fa0d1"
            ],
            "subnet_mapping": [
              {
                "allocation_id": "",
                "ipv6_address": "",
                "outpost_id": "",
                "private_ipv4_address": "",
                "subnet_id": "subnet-0028b21cd614ded4f"
              },
              {
                "allocation_id": "",
                "ipv6_address": "",
                "outpost_id": "",
                "private_ipv4_address": "",
                "subnet_id": "subnet-04ae9fd7f9452ca63"
              }
            ],
            "subnets": [
              "subnet-0028b21cd614ded4f",
              "subnet-04ae9fd7f9452ca63"
            ],
            "tags": {
              "Environment": "module7-tag"
            },
            "tags_all": {
              "Environment": "module7-tag"
            },
            "timeouts": null,
            "vpc_id": "vpc-097971344b6b87301",
            "xff_header_processing_mode": "append",
            "zone_id": "Z368ELLRRE2KJ0"
          },
          "sensitive_attributes": [],
          "identity_schema_version": 0,
          "private": "eyJlMmJmYjczMC1lY2FhLTExZTYtOGY4OC0zNDM2M2JjN2M0YzAiOnsiY3JlYXRlIjo2MDAwMDAwMDAwMDAsImRlbGV0ZSI6NjAwMDAwMDAwMDAwLCJ1cGRhdGUiOjYwMDAwMDAwMDAwMH19",
          "dependencies": [
            "data.aws_subnets.subneta",
            "data.aws_subnets.subnetc"
          ]
        }
      ]
    },
    {
      "mode": "managed",
      "type": "aws_lb_listener",
      "name": "front_end",
      "provider": "provider[\"registry.terraform.io/hashicorp/aws\"]",
      "instances": [
        {
          "schema_version": 0,
          "attributes": {
            "alpn_policy": null,
            "arn": "arn:aws:elasticloadbalancing:us-west-1:814193706784:listener/app/djh-elb/23156d84fcfc0454/a76507085d030b5a",
            "certificate_arn": null,
            "default_action": [
              {
                "authenticate_cognito": [],
                "authenticate_oidc": [],
                "fixed_response": [],
                "forward": [],
                "order": 1,
                "redirect": [],
                "target_group_arn": "arn:aws:elasticloadbalancing:us-west-1:814193706784:targetgroup/djh-tg/aff89d47e7af495a",
                "type": "forward"
              }
            ],
            "id": "arn:aws:elasticloadbalancing:us-west-1:814193706784:listener/app/djh-elb/23156d84fcfc0454/a76507085d030b5a",
            "load_balancer_arn": "arn:aws:elasticloadbalancing:us-west-1:814193706784:loadbalancer/app/djh-elb/23156d84fcfc0454",
            "mutual_authentication": [],
            "port": 80,
            "protocol": "HTTP",
            "ssl_policy": "",
            "tags": {},
            "tags_all": {},
            "timeouts": null
          },
          "sensitive_attributes": [],
          "identity_schema_version": 0,
          "private": "eyJlMmJmYjczMC1lY2FhLTExZTYtOGY4OC0zNDM2M2JjN2M0YzAiOnsiY3JlYXRlIjozMDAwMDAwMDAwMDAsInVwZGF0ZSI6MzAwMDAwMDAwMDAwfX0=",
          "dependencies": [
            "aws_lb.lb",
            "aws_lb_target_group.alb-lb-tg",
            "data.aws_subnets.subneta",
            "data.aws_subnets.subnetc",
            "data.aws_vpc.main"
          ]
        }
      ]
    },
    {
      "mode": "managed",
      "type": "aws_lb_target_group",
      "name": "alb-lb-tg",
      "provider": "provider[\"registry.terraform.io/hashicorp/aws\"]",
      "instances": [
        {
          "schema_version": 0,
          "attributes": {
            "arn": "arn:aws:elasticloadbalancing:us-west-1:814193706784:targetgroup/djh-tg/aff89d47e7af495a",
            "arn_suffix": "targetgroup/djh-tg/aff89d47e7af495a",
            "connection_termination": null,
            "deregistration_delay": "300",
            "health_check": [
              {
                "enabled": true,
                "healthy_threshold": 5,
                "interval": 30,
                "matcher": "200",
                "path": "/",
                "port": "traffic-port",
                "protocol": "HTTP",
                "timeout": 5,
                "unhealthy_threshold": 2
              }
            ],
            "id": "arn:aws:elasticloadbalancing:us-west-1:814193706784:targetgroup/djh-tg/aff89d47e7af495a",
            "ip_address_type": "ipv4",
            "lambda_multi_value_headers_enabled": false,
            "load_balancer_arns": [
              "arn:aws:elasticloadbalancing:us-west-1:814193706784:loadbalancer/app/djh-elb/23156d84fcfc0454"
            ],
            "load_balancing_algorithm_type": "round_robin",
            "load_balancing_anomaly_mitigation": "off",
            "load_balancing_cross_zone_enabled": "use_load_balancer_configuration",
            "name": "djh-tg",
            "name_prefix": "",
            "port": 80,
            "preserve_client_ip": null,
            "protocol": "HTTP",
            "protocol_version": "HTTP1",
            "proxy_protocol_v2": false,
            "slow_start": 0,
            "stickiness": [
              {
                "cookie_duration": 86400,
                "cookie_name": "",
                "enabled": false,
                "type": "lb_cookie"
              }
            ],
            "tags": {},
            "tags_all": {},
            "target_failover": [
              {
                "on_deregistration": null,
                "on_unhealthy": null
              }
            ],
            "target_health_state": [
              {
                "enable_unhealthy_connection_termination": null
              }
            ],
            "target_type": "instance",
            "vpc_id": "vpc-097971344b6b87301"
          },
          "sensitive_attributes": [],
          "identity_schema_version": 0,
          "private": "bnVsbA==",
          "dependencies": [
            "aws_lb.lb",
            "data.aws_subnets.subneta",
            "data.aws_subnets.subnetc",
            "data.aws_vpc.main"
          ]
        }
      ]
    }
  ],
  "check_results": null
}
